
Microsoft Visual Studio Solution File, Format Version 12.00
# Visual Studio 15
VisualStudioVersion = 15.0.28306.52
MinimumVisualStudioVersion = 10.0.40219.1
Project("{FAE04EC0-301F-11D3-BF4B-00C04F79EFBC}") = "WebApiProject", "WebApiProject\WebApiProject.csproj", "{38AAAE05-CD62-4CD4-9110-0E2EFB01CC9D}"
EndProject
Project("{FAE04EC0-301F-11D3-BF4B-00C04F79EFBC}") = "DAL", "DAL\DAL.csproj", "{96FD3491-46F3-4B71-AD09-9407AAC3337A}"
EndProject
Project("{FAE04EC0-301F-11D3-BF4B-00C04F79EFBC}") = "BLL", "BLL\BLL.csproj", "{D71C9AAD-C6E8-42E1-8C25-EC33D1B9DDD1}"
EndProject
Global
	GlobalSection(SolutionConfigurationPlatforms) = preSolution
		Debug|Any CPU = Debug|Any CPU
		Release|Any CPU = Release|Any CPU
	EndGlobalSection
	GlobalSection(ProjectConfigurationPlatforms) = postSolution
		{38AAAE05-CD62-4CD4-9110-0E2EFB01CC9D}.Debug|Any CPU.ActiveCfg = Debug|Any CPU
		{38AAAE05-CD62-4CD4-9110-0E2EFB01CC9D}.Debug|Any CPU.Build.0 = Debug|Any CPU
		{38AAAE05-CD62-4CD4-9110-0E2EFB01CC9D}.Release|Any CPU.ActiveCfg = Release|Any CPU
		{38AAAE05-CD62-4CD4-9110-0E2EFB01CC9D}.Release|Any CPU.Build.0 = Release|Any CPU
		{96FD3491-46F3-4B71-AD09-9407AAC3337A}.Debug|Any CPU.ActiveCfg = Debug|Any CPU
		{96FD3491-46F3-4B71-AD09-9407AAC3337A}.Debug|Any CPU.Build.0 = Debug|Any CPU
		{96FD3491-46F3-4B71-AD09-9407AAC3337A}.Release|Any CPU.ActiveCfg = Release|Any CPU
		{96FD3491-46F3-4B71-AD09-9407AAC3337A}.Release|Any CPU.Build.0 = Release|Any CPU
		{D71C9AAD-C6E8-42E1-8C25-EC33D1B9DDD1}.Debug|Any CPU.ActiveCfg = Debug|Any CPU
		{D71C9AAD-C6E8-42E1-8C25-EC33D1B9DDD1}.Debug|Any CPU.Build.0 = Debug|Any CPU
		{D71C9AAD-C6E8-42E1-8C25-EC33D1B9DDD1}.Release|Any CPU.ActiveCfg = Release|Any CPU
		{D71C9AAD-C6E8-42E1-8C25-EC33D1B9DDD1}.Release|Any CPU.Build.0 = Release|Any CPU
	EndGlobalSection
	GlobalSection(SolutionProperties) = preSolution
		HideSolutionNode = FALSE
	EndGlobalSection
	GlobalSection(ExtensibilityGlobals) = postSolution
		SolutionGuid = {312198F4-C393-4E6C-8E6E-75563CF8A0A2}
	EndGlobalSection
EndGlobal
